
Microsoft Visual Studio Solution File, Format Version 12.00
# Visual Studio 15
VisualStudioVersion = 15.0.27428.2027
MinimumVisualStudioVersion = 10.0.40219.1
Project("{FAE04EC0-301F-11D3-BF4B-00C04F79EFBC}") = "ChatWebApplication", "ChatWebApplication\ChatWebApplication.csproj", "{F5D8730E-0807-446A-B26C-E4EE001713B2}"
EndProject
Global
	GlobalSection(SolutionConfigurationPlatforms) = preSolution
		Debug|Any CPU = Debug|Any CPU
		Release|Any CPU = Release|Any CPU
	EndGlobalSection
	GlobalSection(ProjectConfigurationPlatforms) = postSolution
		{F5D8730E-0807-446A-B26C-E4EE001713B2}.Debug|Any CPU.ActiveCfg = Debug|Any CPU
		{F5D8730E-0807-446A-B26C-E4EE001713B2}.Debug|Any CPU.Build.0 = Debug|Any CPU
		{F5D8730E-0807-446A-B26C-E4EE001713B2}.Release|Any CPU.ActiveCfg = Release|Any CPU
		{F5D8730E-0807-446A-B26C-E4EE001713B2}.Release|Any CPU.Build.0 = Release|Any CPU
	EndGlobalSection
	GlobalSection(SolutionProperties) = preSolution
		HideSolutionNode = FALSE
	EndGlobalSection
	GlobalSection(ExtensibilityGlobals) = postSolution
		SolutionGuid = {7BA3F800-11A6-44A0-9180-5A00E6A73B22}
	EndGlobalSection
EndGlobal
